
Microsoft Visual Studio Solution File, Format Version 12.00
# Visual Studio 15
VisualStudioVersion = 15.0.28307.329
MinimumVisualStudioVersion = 10.0.40219.1
Project("{FAE04EC0-301F-11D3-BF4B-00C04F79EFBC}") = "ChatApp", "ChatApp\ChatApp.csproj", "{7876E047-A0D7-444F-AED2-036AA4F57581}"
EndProject
Global
	GlobalSection(SolutionConfigurationPlatforms) = preSolution
		Debug|Any CPU = Debug|Any CPU
		Release|Any CPU = Release|Any CPU
	EndGlobalSection
	GlobalSection(ProjectConfigurationPlatforms) = postSolution
		{7876E047-A0D7-444F-AED2-036AA4F57581}.Debug|Any CPU.ActiveCfg = Debug|Any CPU
		{7876E047-A0D7-444F-AED2-036AA4F57581}.Debug|Any CPU.Build.0 = Debug|Any CPU
		{7876E047-A0D7-444F-AED2-036AA4F57581}.Release|Any CPU.ActiveCfg = Release|Any CPU
		{7876E047-A0D7-444F-AED2-036AA4F57581}.Release|Any CPU.Build.0 = Release|Any CPU
	EndGlobalSection
	GlobalSection(SolutionProperties) = preSolution
		HideSolutionNode = FALSE
	EndGlobalSection
	GlobalSection(ExtensibilityGlobals) = postSolution
		SolutionGuid = {6162F7A4-9700-47FB-ADA8-BE1213F9C9B2}
	EndGlobalSection
EndGlobal
